
Microsoft Visual Studio Solution File, Format Version 12.00
# Visual Studio Version 16
VisualStudioVersion = 16.0.30717.126
MinimumVisualStudioVersion = 10.0.40219.1
Project("{FAE04EC0-301F-11D3-BF4B-00C04F79EFBC}") = "SacramentMeetingPlanner", "SacramentMeetingPlanner\SacramentMeetingPlanner.csproj", "{7328865F-8E65-4D2A-A149-882324C11F44}"
EndProject
Global
	GlobalSection(SolutionConfigurationPlatforms) = preSolution
		Debug|Any CPU = Debug|Any CPU
		Release|Any CPU = Release|Any CPU
	EndGlobalSection
	GlobalSection(ProjectConfigurationPlatforms) = postSolution
		{7328865F-8E65-4D2A-A149-882324C11F44}.Debug|Any CPU.ActiveCfg = Debug|Any CPU
		{7328865F-8E65-4D2A-A149-882324C11F44}.Debug|Any CPU.Build.0 = Debug|Any CPU
		{7328865F-8E65-4D2A-A149-882324C11F44}.Release|Any CPU.ActiveCfg = Release|Any CPU
		{7328865F-8E65-4D2A-A149-882324C11F44}.Release|Any CPU.Build.0 = Release|Any CPU
	EndGlobalSection
	GlobalSection(SolutionProperties) = preSolution
		HideSolutionNode = FALSE
	EndGlobalSection
	GlobalSection(ExtensibilityGlobals) = postSolution
		SolutionGuid = {A7ADBE35-FA27-494D-9A43-E7EBE7EC1E27}
	EndGlobalSection
EndGlobal
